
Microsoft Visual Studio Solution File, Format Version 12.00
# Visual Studio Version 16
VisualStudioVersion = 16.0.30503.244
MinimumVisualStudioVersion = 10.0.40219.1
Project("{FAE04EC0-301F-11D3-BF4B-00C04F79EFBC}") = "cw", "cw\cw.csproj", "{0A10FFD5-2458-41A1-B493-C0019F5D49B3}"
EndProject
Global
	GlobalSection(SolutionConfigurationPlatforms) = preSolution
		Debug|Any CPU = Debug|Any CPU
		Release|Any CPU = Release|Any CPU
	EndGlobalSection
	GlobalSection(ProjectConfigurationPlatforms) = postSolution
		{0A10FFD5-2458-41A1-B493-C0019F5D49B3}.Debug|Any CPU.ActiveCfg = Debug|Any CPU
		{0A10FFD5-2458-41A1-B493-C0019F5D49B3}.Debug|Any CPU.Build.0 = Debug|Any CPU
		{0A10FFD5-2458-41A1-B493-C0019F5D49B3}.Release|Any CPU.ActiveCfg = Release|Any CPU
		{0A10FFD5-2458-41A1-B493-C0019F5D49B3}.Release|Any CPU.Build.0 = Release|Any CPU
	EndGlobalSection
	GlobalSection(SolutionProperties) = preSolution
		HideSolutionNode = FALSE
	EndGlobalSection
	GlobalSection(ExtensibilityGlobals) = postSolution
		SolutionGuid = {A77C85C8-235F-4B6D-B7C4-6178F6D3927C}
	EndGlobalSection
EndGlobal
